
Microsoft Visual Studio Solution File, Format Version 12.00
# Visual Studio Version 17
VisualStudioVersion = 17.9.34728.123
MinimumVisualStudioVersion = 10.0.40219.1
Project("{FAE04EC0-301F-11D3-BF4B-00C04F79EFBC}") = "LivePollingApp", "LivePollingApp.csproj", "{3EAE94FD-D6C5-4BF3-8445-E032A8B4158F}"
EndProject
Global
	GlobalSection(SolutionConfigurationPlatforms) = preSolution
		Debug|Any CPU = Debug|Any CPU
		Release|Any CPU = Release|Any CPU
	EndGlobalSection
	GlobalSection(ProjectConfigurationPlatforms) = postSolution
		{3EAE94FD-D6C5-4BF3-8445-E032A8B4158F}.Debug|Any CPU.ActiveCfg = Debug|Any CPU
		{3EAE94FD-D6C5-4BF3-8445-E032A8B4158F}.Debug|Any CPU.Build.0 = Debug|Any CPU
		{3EAE94FD-D6C5-4BF3-8445-E032A8B4158F}.Release|Any CPU.ActiveCfg = Release|Any CPU
		{3EAE94FD-D6C5-4BF3-8445-E032A8B4158F}.Release|Any CPU.Build.0 = Release|Any CPU
	EndGlobalSection
	GlobalSection(SolutionProperties) = preSolution
		HideSolutionNode = FALSE
	EndGlobalSection
	GlobalSection(ExtensibilityGlobals) = postSolution
		SolutionGuid = {2E948194-B298-4038-87AA-B2ADA41AF567}
	EndGlobalSection
EndGlobal
